
Microsoft Visual Studio Solution File, Format Version 12.00
# Visual Studio Version 17
VisualStudioVersion = 17.2.32630.192
MinimumVisualStudioVersion = 10.0.40219.1
Project("{FAE04EC0-301F-11D3-BF4B-00C04F79EFBC}") = "AboutMe", "AboutMe\AboutMe.csproj", "{B897C436-D51C-42F1-8956-D75FA677E3F8}"
EndProject
Global
	GlobalSection(SolutionConfigurationPlatforms) = preSolution
		Debug|Any CPU = Debug|Any CPU
		Release|Any CPU = Release|Any CPU
	EndGlobalSection
	GlobalSection(ProjectConfigurationPlatforms) = postSolution
		{B897C436-D51C-42F1-8956-D75FA677E3F8}.Debug|Any CPU.ActiveCfg = Debug|Any CPU
		{B897C436-D51C-42F1-8956-D75FA677E3F8}.Debug|Any CPU.Build.0 = Debug|Any CPU
		{B897C436-D51C-42F1-8956-D75FA677E3F8}.Release|Any CPU.ActiveCfg = Release|Any CPU
		{B897C436-D51C-42F1-8956-D75FA677E3F8}.Release|Any CPU.Build.0 = Release|Any CPU
	EndGlobalSection
	GlobalSection(SolutionProperties) = preSolution
		HideSolutionNode = FALSE
	EndGlobalSection
	GlobalSection(ExtensibilityGlobals) = postSolution
		SolutionGuid = {426556FF-52EB-456B-9504-C6DF3EC3BFC0}
	EndGlobalSection
EndGlobal
